{
  "name": "@rize-labs/passkey-contracts",
  "version": "1.0.0",
  "lockfileVersion": 2,
  "requires": true,
  "packages": {
    "": {
      "name": "@rize-labs/passkey-contracts",
      "version": "1.0.0",
      "license": "MIT",
      "dependencies": {
        "@account-abstraction/contracts": "^0.6.0"
      }
    },
    "node_modules/@account-abstraction/contracts": {
      "version": "0.6.0",
      "resolved": "https://registry.npmjs.org/@account-abstraction/contracts/-/contracts-0.6.0.tgz",
      "integrity": "sha512-8ooRJuR7XzohMDM4MV34I12Ci2bmxfE9+cixakRL7lA4BAwJKQ3ahvd8FbJa9kiwkUPCUNtj+/zxDQWYYalLMQ=="
    }
  },
  "dependencies": {
    "@account-abstraction/contracts": {
      "version": "0.6.0",
      "resolved": "https://registry.npmjs.org/@account-abstraction/contracts/-/contracts-0.6.0.tgz",
      "integrity": "sha512-8ooRJuR7XzohMDM4MV34I12Ci2bmxfE9+cixakRL7lA4BAwJKQ3ahvd8FbJa9kiwkUPCUNtj+/zxDQWYYalLMQ=="
    }
  }
}
